
Microsoft Visual Studio Solution File, Format Version 12.00
# Visual Studio Version 16
VisualStudioVersion = 16.0.31205.134
MinimumVisualStudioVersion = 10.0.40219.1
Project("{FAE04EC0-301F-11D3-BF4B-00C04F79EFBC}") = "GokulAssignment2", "GokulAssignment2\GokulAssignment2.csproj", "{4ADE6F0F-4120-4EFC-A64B-C4BDE924ED3A}"
EndProject
Global
	GlobalSection(SolutionConfigurationPlatforms) = preSolution
		Debug|Any CPU = Debug|Any CPU
		Release|Any CPU = Release|Any CPU
	EndGlobalSection
	GlobalSection(ProjectConfigurationPlatforms) = postSolution
		{4ADE6F0F-4120-4EFC-A64B-C4BDE924ED3A}.Debug|Any CPU.ActiveCfg = Debug|Any CPU
		{4ADE6F0F-4120-4EFC-A64B-C4BDE924ED3A}.Debug|Any CPU.Build.0 = Debug|Any CPU
		{4ADE6F0F-4120-4EFC-A64B-C4BDE924ED3A}.Release|Any CPU.ActiveCfg = Release|Any CPU
		{4ADE6F0F-4120-4EFC-A64B-C4BDE924ED3A}.Release|Any CPU.Build.0 = Release|Any CPU
	EndGlobalSection
	GlobalSection(SolutionProperties) = preSolution
		HideSolutionNode = FALSE
	EndGlobalSection
	GlobalSection(ExtensibilityGlobals) = postSolution
		SolutionGuid = {972C02D6-D909-473D-A5BE-DC8D753703D0}
	EndGlobalSection
EndGlobal
